
Microsoft Visual Studio Solution File, Format Version 12.00
# Visual Studio Version 16
VisualStudioVersion = 16.0.30717.126
MinimumVisualStudioVersion = 10.0.40219.1
Project("{FAE04EC0-301F-11D3-BF4B-00C04F79EFBC}") = "BlazorApp1", "BlazorApp1\BlazorApp1.csproj", "{FD5DF57A-922B-4CD5-8231-DF58CD530B5F}"
EndProject
Project("{FAE04EC0-301F-11D3-BF4B-00C04F79EFBC}") = "ClassLibrary1", "ClassLibrary1\ClassLibrary1.csproj", "{857C14B1-DE61-42A5-9AF1-46C0EAEE3385}"
EndProject
Project("{FAE04EC0-301F-11D3-BF4B-00C04F79EFBC}") = "WebApplication1", "WebApplication1\WebApplication1.csproj", "{5F3A4BA1-54B0-4617-932E-757FB02CFDF9}"
EndProject
Global
	GlobalSection(SolutionConfigurationPlatforms) = preSolution
		Debug|Any CPU = Debug|Any CPU
		Release|Any CPU = Release|Any CPU
	EndGlobalSection
	GlobalSection(ProjectConfigurationPlatforms) = postSolution
		{FD5DF57A-922B-4CD5-8231-DF58CD530B5F}.Debug|Any CPU.ActiveCfg = Debug|Any CPU
		{FD5DF57A-922B-4CD5-8231-DF58CD530B5F}.Debug|Any CPU.Build.0 = Debug|Any CPU
		{FD5DF57A-922B-4CD5-8231-DF58CD530B5F}.Release|Any CPU.ActiveCfg = Release|Any CPU
		{FD5DF57A-922B-4CD5-8231-DF58CD530B5F}.Release|Any CPU.Build.0 = Release|Any CPU
		{857C14B1-DE61-42A5-9AF1-46C0EAEE3385}.Debug|Any CPU.ActiveCfg = Debug|Any CPU
		{857C14B1-DE61-42A5-9AF1-46C0EAEE3385}.Debug|Any CPU.Build.0 = Debug|Any CPU
		{857C14B1-DE61-42A5-9AF1-46C0EAEE3385}.Release|Any CPU.ActiveCfg = Release|Any CPU
		{857C14B1-DE61-42A5-9AF1-46C0EAEE3385}.Release|Any CPU.Build.0 = Release|Any CPU
		{5F3A4BA1-54B0-4617-932E-757FB02CFDF9}.Debug|Any CPU.ActiveCfg = Debug|Any CPU
		{5F3A4BA1-54B0-4617-932E-757FB02CFDF9}.Debug|Any CPU.Build.0 = Debug|Any CPU
		{5F3A4BA1-54B0-4617-932E-757FB02CFDF9}.Release|Any CPU.ActiveCfg = Release|Any CPU
		{5F3A4BA1-54B0-4617-932E-757FB02CFDF9}.Release|Any CPU.Build.0 = Release|Any CPU
	EndGlobalSection
	GlobalSection(SolutionProperties) = preSolution
		HideSolutionNode = FALSE
	EndGlobalSection
	GlobalSection(ExtensibilityGlobals) = postSolution
		SolutionGuid = {D66F104E-6B01-4708-8187-6855C1A15207}
	EndGlobalSection
EndGlobal
